{
  "name": "sharp_test",
  "version": "1.0.0",
  "lockfileVersion": 1,
  "dependencies": {
    "png-js": {
      "version": "0.1.1",
      "resolved": "http://registry.npm.taobao.org/png-js/download/png-js-0.1.1.tgz",
      "integrity": "sha1-HMfCEjA6yr50Jj7DrHgAlYAkLZM=",
      "dev": true
    }
  }
}
